
Microsoft Visual Studio Solution File, Format Version 12.00
# Visual Studio Version 17
VisualStudioVersion = 17.10.35013.160
MinimumVisualStudioVersion = 10.0.40219.1
Project("{FAE04EC0-301F-11D3-BF4B-00C04F79EFBC}") = "taxis", "taxis.csproj", "{33F819E3-0C0F-4A4A-B549-C63D939351CD}"
EndProject
Global
	GlobalSection(SolutionConfigurationPlatforms) = preSolution
		Debug|Any CPU = Debug|Any CPU
		Release|Any CPU = Release|Any CPU
	EndGlobalSection
	GlobalSection(ProjectConfigurationPlatforms) = postSolution
		{33F819E3-0C0F-4A4A-B549-C63D939351CD}.Debug|Any CPU.ActiveCfg = Debug|Any CPU
		{33F819E3-0C0F-4A4A-B549-C63D939351CD}.Debug|Any CPU.Build.0 = Debug|Any CPU
		{33F819E3-0C0F-4A4A-B549-C63D939351CD}.Release|Any CPU.ActiveCfg = Release|Any CPU
		{33F819E3-0C0F-4A4A-B549-C63D939351CD}.Release|Any CPU.Build.0 = Release|Any CPU
	EndGlobalSection
	GlobalSection(SolutionProperties) = preSolution
		HideSolutionNode = FALSE
	EndGlobalSection
	GlobalSection(ExtensibilityGlobals) = postSolution
		SolutionGuid = {1A7739CB-E97E-4F6A-A657-D45866EFD51D}
	EndGlobalSection
EndGlobal
